// !$*UTF8*$!
{
	archiveVersion = 1;
	classes = {
	};
	objectVersion = 50;
	objects = {

/* Begin PBXBuildFile section */
		C76CD90C2608F7A800D4DEEB /* AppDelegate.swift in Sources */ = {isa = PBXBuildFile; fileRef = C76CD90B2608F7A800D4DEEB /* AppDelegate.swift */; };
		C76CD90E2608F7A800D4DEEB /* SceneDelegate.swift in Sources */ = {isa = PBXBuildFile; fileRef = C76CD90D2608F7A800D4DEEB /* SceneDelegate.swift */; };
		C76CD9102608F7A800D4DEEB /* ViewController.swift in Sources */ = {isa = PBXBuildFile; fileRef = C76CD90F2608F7A800D4DEEB /* ViewController.swift */; };
		C76CD9132608F7A800D4DEEB /* Main.storyboard in Resources */ = {isa = PBXBuildFile; fileRef = C76CD9112608F7A800D4DEEB /* Main.storyboard */; };
		C76CD9152608F7A900D4DEEB /* Assets.xcassets in Resources */ = {isa = PBXBuildFile; fileRef = C76CD9142608F7A900D4DEEB /* Assets.xcassets */; };
		C76CD9182608F7A900D4DEEB /* LaunchScreen.storyboard in Resources */ = {isa = PBXBuildFile; fileRef = C76CD9162608F7A900D4DEEB /* LaunchScreen.storyboard */; };
/* End PBXBuildFile section */

/* Begin PBXFileReference section */
		C76CD9082608F7A800D4DEEB /* Capstone Project iOS.app */ = {isa = PBXFileReference; explicitFileType = wrapper.application; includeInIndex = 0; path = "Capstone Project iOS.app"; sourceTree = BUILT_PRODUCTS_DIR; };
		C76CD90B2608F7A800D4DEEB /* AppDelegate.swift */ = {isa = PBXFileReference; lastKnownFileType = sourcecode.swift; path = AppDelegate.swift; sourceTree = "<group>"; };
		C76CD90D2608F7A800D4DEEB /* SceneDelegate.swift */ = {isa = PBXFileReference; lastKnownFileType = sourcecode.swift; path = SceneDelegate.swift; sourceTree = "<group>"; };
		C76CD90F2608F7A800D4DEEB /* ViewController.swift */ = {isa = PBXFileReference; lastKnownFileType = sourcecode.swift; path = ViewController.swift; sourceTree = "<group>"; };
		C76CD9122608F7A800D4DEEB /* Base */ = {isa = PBXFileReference; lastKnownFileType = file.storyboard; name = Base; path = Base.lproj/Main.storyboard; sourceTree = "<group>"; };
		C76CD9142608F7A900D4DEEB /* Assets.xcassets */ = {isa = PBXFileReference; lastKnownFileType = folder.assetcatalog; path = Assets.xcassets; sourceTree = "<group>"; };
		C76CD9172608F7A900D4DEEB /* Base */ = {isa = PBXFileReference; lastKnownFileType = file.storyboard; name = Base; path = Base.lproj/LaunchScreen.storyboard; sourceTree = "<group>"; };
		C76CD9192608F7A900D4DEEB /* Info.plist */ = {isa = PBXFileReference; lastKnownFileType = text.plist.xml; path = Info.plist; sourceTree = "<group>"; };
/* End PBXFileReference section */

/* Begin PBXFrameworksBuildPhase section */
		C76CD9052608F7A800D4DEEB /* Frameworks */ = {
			isa = PBXFrameworksBuildPhase;
			buildActionMask = 2147483647;
			files = (
			);
			runOnlyForDeploymentPostprocessing = 0;
		};
/* End PBXFrameworksBuildPhase section */

/* Begin PBXGroup section */
		C76CD8FF2608F7A800D4DEEB = {
			isa = PBXGroup;
			children = (
				C76CD90A2608F7A800D4DEEB /* Capstone Project iOS */,
				C76CD9092608F7A800D4DEEB /* Products */,
			);
			sourceTree = "<group>";
		};
		C76CD9092608F7A800D4DEEB /* Products */ = {
			isa = PBXGroup;
			children = (
				C76CD9082608F7A800D4DEEB /* Capstone Project iOS.app */,
			);
			name = Products;
			sourceTree = "<group>";
		};
		C76CD90A2608F7A800D4DEEB /* Capstone Project iOS */ = {
			isa = PBXGroup;
			children = (
				C76CD90B2608F7A800D4DEEB /* AppDelegate.swift */,
				C76CD90D2608F7A800D4DEEB /* SceneDelegate.swift */,
				C76CD90F2608F7A800D4DEEB /* ViewController.swift */,
				C76CD9112608F7A800D4DEEB /* Main.storyboard */,
				C76CD9142608F7A900D4DEEB /* Assets.xcassets */,
				C76CD9162608F7A900D4DEEB /* LaunchScreen.storyboard */,
				C76CD9192608F7A900D4DEEB /* Info.plist */,
			);
			path = "Capstone Project iOS";
			sourceTree = "<group>";
		};
/* End PBXGroup section */

/* Begin PBXNativeTarget section */
		C76CD9072608F7A800D4DEEB /* Capstone Project iOS */ = {
			isa = PBXNativeTarget;
			buildConfigurationList = C76CD91C2608F7A900D4DEEB /* Build configuration list for PBXNativeTarget "Capstone Project iOS" */;
			buildPhases = (
				C76CD9042608F7A800D4DEEB /* Sources */,
				C76CD9052608F7A800D4DEEB /* Frameworks */,
				C76CD9062608F7A800D4DEEB /* Resources */,
			);
			buildRules = (
			);
			dependencies = (
			);
			name = "Capstone Project iOS";
			productName = "Capstone Project iOS";
			productReference = C76CD9082608F7A800D4DEEB /* Capstone Project iOS.app */;
			productType = "com.apple.product-type.application";
		};
/* End PBXNativeTarget section */

/* Begin PBXProject section */
		C76CD9002608F7A800D4DEEB /* Project object */ = {
			isa = PBXProject;
			attributes = {
				LastSwiftUpdateCheck = 1230;
				LastUpgradeCheck = 1230;
				TargetAttributes = {
					C76CD9072608F7A800D4DEEB = {
						CreatedOnToolsVersion = 12.3;
					};
				};
			};
			buildConfigurationList = C76CD9032608F7A800D4DEEB /* Build configuration list for PBXProject "Capstone Project iOS" */;
			compatibilityVersion = "Xcode 9.3";
			developmentRegion = en;
			hasScannedForEncodings = 0;
			knownRegions = (
				en,
				Base,
			);
			mainGroup = C76CD8FF2608F7A800D4DEEB;
			productRefGroup = C76CD9092608F7A800D4DEEB /* Products */;
			projectDirPath = "";
			projectRoot = "";
			targets = (
				C76CD9072608F7A800D4DEEB /* Capstone Project iOS */,
			);
		};
/* End PBXProject section */

/* Begin PBXResourcesBuildPhase section */
		C76CD9062608F7A800D4DEEB /* Resources */ = {
			isa = PBXResourcesBuildPhase;
			buildActionMask = 2147483647;
			files = (
				C76CD9182608F7A900D4DEEB /* LaunchScreen.storyboard in Resources */,
				C76CD9152608F7A900D4DEEB /* Assets.xcassets in Resources */,
				C76CD9132608F7A800D4DEEB /* Main.storyboard in Resources */,
			);
			runOnlyForDeploymentPostprocessing = 0;
		};
/* End PBXResourcesBuildPhase section */

/* Begin PBXSourcesBuildPhase section */
		C76CD9042608F7A800D4DEEB /* Sources */ = {
			isa = PBXSourcesBuildPhase;
			buildActionMask = 2147483647;
			files = (
				C76CD9102608F7A800D4DEEB /* ViewController.swift in Sources */,
				C76CD90C2608F7A800D4DEEB /* AppDelegate.swift in Sources */,
				C76CD90E2608F7A800D4DEEB /* SceneDelegate.swift in Sources */,
			);
			runOnlyForDeploymentPostprocessing = 0;
		};
/* End PBXSourcesBuildPhase section */

/* Begin PBXVariantGroup section */
		C76CD9112608F7A800D4DEEB /* Main.storyboard */ = {
			isa = PBXVariantGroup;
			children = (
				C76CD9122608F7A800D4DEEB /* Base */,
			);
			name = Main.storyboard;
			sourceTree = "<group>";
		};
		C76CD9162608F7A900D4DEEB /* LaunchScreen.storyboard */ = {
			isa = PBXVariantGroup;
			children = (
				C76CD9172608F7A900D4DEEB /* Base */,
			);
			name = LaunchScreen.storyboard;
			sourceTree = "<group>";
		};
/* End PBXVariantGroup section */

/* Begin XCBuildConfiguration section */
		C76CD91A2608F7A900D4DEEB /* Debug */ = {
			isa = XCBuildConfiguration;
			buildSettings = {
				ALWAYS_SEARCH_USER_PATHS = NO;
				CLANG_ANALYZER_NONNULL = YES;
				CLANG_ANALYZER_NUMBER_OBJECT_CONVERSION = YES_AGGRESSIVE;
				CLANG_CXX_LANGUAGE_STANDARD = "gnu++14";
				CLANG_CXX_LIBRARY = "libc++";
				CLANG_ENABLE_MODULES = YES;
				CLANG_ENABLE_OBJC_ARC = YES;
				CLANG_ENABLE_OBJC_WEAK = YES;
				CLANG_WARN_BLOCK_CAPTURE_AUTORELEASING = YES;
				CLANG_WARN_BOOL_CONVERSION = YES;
				CLANG_WARN_COMMA = YES;
				CLANG_WARN_CONSTANT_CONVERSION = YES;
				CLANG_WARN_DEPRECATED_OBJC_IMPLEMENTATIONS = YES;
				CLANG_WARN_DIRECT_OBJC_ISA_USAGE = YES_ERROR;
				CLANG_WARN_DOCUMENTATION_COMMENTS = YES;
				CLANG_WARN_EMPTY_BODY = YES;
				CLANG_WARN_ENUM_CONVERSION = YES;
				CLANG_WARN_INFINITE_RECURSION = YES;
				CLANG_WARN_INT_CONVERSION = YES;
				CLANG_WARN_NON_LITERAL_NULL_CONVERSION = YES;
				CLANG_WARN_OBJC_IMPLICIT_RETAIN_SELF = YES;
				CLANG_WARN_OBJC_LITERAL_CONVERSION = YES;
				CLANG_WARN_OBJC_ROOT_CLASS = YES_ERROR;
				CLANG_WARN_QUOTED_INCLUDE_IN_FRAMEWORK_HEADER = YES;
				CLANG_WARN_RANGE_LOOP_ANALYSIS = YES;
				CLANG_WARN_STRICT_PROTOTYPES = YES;
				CLANG_WARN_SUSPICIOUS_MOVE = YES;
				CLANG_WARN_UNGUARDED_AVAILABILITY = YES_AGGRESSIVE;
				CLANG_WARN_UNREACHABLE_CODE = YES;
				CLANG_WARN__DUPLICATE_METHOD_MATCH = YES;
				COPY_PHASE_STRIP = NO;
				DEBUG_INFORMATION_FORMAT = dwarf;
				ENABLE_STRICT_OBJC_MSGSEND = YES;
				ENABLE_TESTABILITY = YES;
				GCC_C_LANGUAGE_STANDARD = gnu11;
				GCC_DYNAMIC_NO_PIC = NO;
				GCC_NO_COMMON_BLOCKS = YES;
				GCC_OPTIMIZATION_LEVEL = 0;
				GCC_PREPROCESSOR_DEFINITIONS = (
					"DEBUG=1",
					"$(inherited)",
				);
				GCC_WARN_64_TO_32_BIT_CONVERSION = YES;
				GCC_WARN_ABOUT_RETURN_TYPE = YES_ERROR;
				GCC_WARN_UNDECLARED_SELECTOR = YES;
				GCC_WARN_UNINITIALIZED_AUTOS = YES_AGGRESSIVE;
				GCC_WARN_UNUSED_FUNCTION = YES;
				GCC_WARN_UNUSED_VARIABLE = YES;
				IPHONEOS_DEPLOYMENT_TARGET = 14.3;
				MTL_ENABLE_DEBUG_INFO = INCLUDE_SOURCE;
				MTL_FAST_MATH = YES;
				ONLY_ACTIVE_ARCH = YES;
				SDKROOT = iphoneos;
				SWIFT_ACTIVE_COMPILATION_CONDITIONS = DEBUG;
				SWIFT_OPTIMIZATION_LEVEL = "-Onone";
			};
			name = Debug;
		};
		C76CD91B2608F7A900D4DEEB /* Release */ = {
			isa = XCBuildConfiguration;
			buildSettings = {
				ALWAYS_SEARCH_USER_PATHS = NO;
				CLANG_ANALYZER_NONNULL = YES;
				CLANG_ANALYZER_NUMBER_OBJECT_CONVERSION = YES_AGGRESSIVE;
				CLANG_CXX_LANGUAGE_STANDARD = "gnu++14";
				CLANG_CXX_LIBRARY = "libc++";
				CLANG_ENABLE_MODULES = YES;
				CLANG_ENABLE_OBJC_ARC = YES;
				CLANG_ENABLE_OBJC_WEAK = YES;
				CLANG_WARN_BLOCK_CAPTURE_AUTORELEASING = YES;
				CLANG_WARN_BOOL_CONVERSION = YES;
				CLANG_WARN_COMMA = YES;
				CLANG_WARN_CONSTANT_CONVERSION = YES;
				CLANG_WARN_DEPRECATED_OBJC_IMPLEMENTATIONS = YES;
				CLANG_WARN_DIRECT_OBJC_ISA_USAGE = YES_ERROR;
				CLANG_WARN_DOCUMENTATION_COMMENTS = YES;
				CLANG_WARN_EMPTY_BODY = YES;
				CLANG_WARN_ENUM_CONVERSION = YES;
				CLANG_WARN_INFINITE_RECURSION = YES;
				CLANG_WARN_INT_CONVERSION = YES;
				CLANG_WARN_NON_LITERAL_NULL_CONVERSION = YES;
				CLANG_WARN_OBJC_IMPLICIT_RETAIN_SELF = YES;
				CLANG_WARN_OBJC_LITERAL_CONVERSION = YES;
				CLANG_WARN_OBJC_ROOT_CLASS = YES_ERROR;
				CLANG_WARN_QUOTED_INCLUDE_IN_FRAMEWORK_HEADER = YES;
				CLANG_WARN_RANGE_LOOP_ANALYSIS = YES;
				CLANG_WARN_STRICT_PROTOTYPES = YES;
				CLANG_WARN_SUSPICIOUS_MOVE = YES;
				CLANG_WARN_UNGUARDED_AVAILABILITY = YES_AGGRESSIVE;
				CLANG_WARN_UNREACHABLE_CODE = YES;
				CLANG_WARN__DUPLICATE_METHOD_MATCH = YES;
				COPY_PHASE_STRIP = NO;
				DEBUG_INFORMATION_FORMAT = "dwarf-with-dsym";
				ENABLE_NS_ASSERTIONS = NO;
				ENABLE_STRICT_OBJC_MSGSEND = YES;
				GCC_C_LANGUAGE_STANDARD = gnu11;
				GCC_NO_COMMON_BLOCKS = YES;
				GCC_WARN_64_TO_32_BIT_CONVERSION = YES;
				GCC_WARN_ABOUT_RETURN_TYPE = YES_ERROR;
				GCC_WARN_UNDECLARED_SELECTOR = YES;
				GCC_WARN_UNINITIALIZED_AUTOS = YES_AGGRESSIVE;
				GCC_WARN_UNUSED_FUNCTION = YES;
				GCC_WARN_UNUSED_VARIABLE = YES;
				IPHONEOS_DEPLOYMENT_TARGET = 14.3;
				MTL_ENABLE_DEBUG_INFO = NO;
				MTL_FAST_MATH = YES;
				SDKROOT = iphoneos;
				SWIFT_COMPILATION_MODE = wholemodule;
				SWIFT_OPTIMIZATION_LEVEL = "-O";
				VALIDATE_PRODUCT = YES;
			};
			name = Release;
		};
		C76CD91D2608F7A900D4DEEB /* Debug */ = {
			isa = XCBuildConfiguration;
			buildSettings = {
				ASSETCATALOG_COMPILER_APPICON_NAME = AppIcon;
				ASSETCATALOG_COMPILER_GLOBAL_ACCENT_COLOR_NAME = AccentColor;
				CODE_SIGN_STYLE = Automatic;
				INFOPLIST_FILE = "Capstone Project iOS/Info.plist";
				LD_RUNPATH_SEARCH_PATHS = (
					"$(inherited)",
					"@executable_path/Frameworks",
				);
				PRODUCT_BUNDLE_IDENTIFIER = "com.HMahal.Capstone-Project-iOS";
				PRODUCT_NAME = "$(TARGET_NAME)";
				SWIFT_VERSION = 5.0;
				TARGETED_DEVICE_FAMILY = "1,2";
			};
			name = Debug;
		};
		C76CD91E2608F7A900D4DEEB /* Release */ = {
			isa = XCBuildConfiguration;
			buildSettings = {
				ASSETCATALOG_COMPILER_APPICON_NAME = AppIcon;
				ASSETCATALOG_COMPILER_GLOBAL_ACCENT_COLOR_NAME = AccentColor;
				CODE_SIGN_STYLE = Automatic;
				INFOPLIST_FILE = "Capstone Project iOS/Info.plist";
				LD_RUNPATH_SEARCH_PATHS = (
					"$(inherited)",
					"@executable_path/Frameworks",
				);
				PRODUCT_BUNDLE_IDENTIFIER = "com.HMahal.Capstone-Project-iOS";
				PRODUCT_NAME = "$(TARGET_NAME)";
				SWIFT_VERSION = 5.0;
				TARGETED_DEVICE_FAMILY = "1,2";
			};
			name = Release;
		};
/* End XCBuildConfiguration section */

/* Begin XCConfigurationList section */
		C76CD9032608F7A800D4DEEB /* Build configuration list for PBXProject "Capstone Project iOS" */ = {
			isa = XCConfigurationList;
			buildConfigurations = (
				C76CD91A2608F7A900D4DEEB /* Debug */,
				C76CD91B2608F7A900D4DEEB /* Release */,
			);
			defaultConfigurationIsVisible = 0;
			defaultConfigurationName = Release;
		};
		C76CD91C2608F7A900D4DEEB /* Build configuration list for PBXNativeTarget "Capstone Project iOS" */ = {
			isa = XCConfigurationList;
			buildConfigurations = (
				C76CD91D2608F7A900D4DEEB /* Debug */,
				C76CD91E2608F7A900D4DEEB /* Release */,
			);
			defaultConfigurationIsVisible = 0;
			defaultConfigurationName = Release;
		};
/* End XCConfigurationList section */
	};
	rootObject = C76CD9002608F7A800D4DEEB /* Project object */;
}
